
Microsoft Visual Studio Solution File, Format Version 12.00
Project("{2150E333-8FDC-42A3-9474-1A3956D46DE8}") = "src", "src", "{AF2278DB-E052-4C0E-BBD6-F0D04DE80142}"
EndProject
Project("{2150E333-8FDC-42A3-9474-1A3956D46DE8}") = "tests", "tests", "{6EAF0648-11FD-4377-A2FA-F8AF2785BA1E}"
EndProject
Project("{FAE04EC0-301F-11D3-BF4B-00C04F79EFBC}") = "WebApi", "WebApi\WebApi.csproj", "{875BEDBB-ABA3-4BDF-8C7E-EE3CDEA003B3}"
EndProject
Project("{FAE04EC0-301F-11D3-BF4B-00C04F79EFBC}") = "HexagonalArchitecture.Test", "tests\HexagonalArchitecture.Test\HexagonalArchitecture.Test.csproj", "{6C6FF8C5-A20C-43A8-9593-95747AE1438D}"
EndProject
Project("{FAE04EC0-301F-11D3-BF4B-00C04F79EFBC}") = "Domain", "Domain\Domain.csproj", "{DB8ADCA3-A84D-466F-8AC3-129A3DD47A86}"
EndProject
Project("{FAE04EC0-301F-11D3-BF4B-00C04F79EFBC}") = "Application", "Application\Application.csproj", "{F02DC373-8E87-4759-8F82-C2A6F05D7FD6}"
EndProject
Project("{FAE04EC0-301F-11D3-BF4B-00C04F79EFBC}") = "Infrastructure", "Infrastructure\Infrastructure.csproj", "{0C8EA2B0-526A-4B47-A8FD-479C8F69F217}"
EndProject
Global
	GlobalSection(SolutionConfigurationPlatforms) = preSolution
		Debug|Any CPU = Debug|Any CPU
		Release|Any CPU = Release|Any CPU
	EndGlobalSection
	GlobalSection(NestedProjects) = preSolution
		{875BEDBB-ABA3-4BDF-8C7E-EE3CDEA003B3} = {AF2278DB-E052-4C0E-BBD6-F0D04DE80142}
		{6C6FF8C5-A20C-43A8-9593-95747AE1438D} = {6EAF0648-11FD-4377-A2FA-F8AF2785BA1E}
		{DB8ADCA3-A84D-466F-8AC3-129A3DD47A86} = {AF2278DB-E052-4C0E-BBD6-F0D04DE80142}
		{F02DC373-8E87-4759-8F82-C2A6F05D7FD6} = {AF2278DB-E052-4C0E-BBD6-F0D04DE80142}
		{0C8EA2B0-526A-4B47-A8FD-479C8F69F217} = {AF2278DB-E052-4C0E-BBD6-F0D04DE80142}
	EndGlobalSection
	GlobalSection(ProjectConfigurationPlatforms) = postSolution
		{875BEDBB-ABA3-4BDF-8C7E-EE3CDEA003B3}.Debug|Any CPU.ActiveCfg = Debug|Any CPU
		{875BEDBB-ABA3-4BDF-8C7E-EE3CDEA003B3}.Debug|Any CPU.Build.0 = Debug|Any CPU
		{875BEDBB-ABA3-4BDF-8C7E-EE3CDEA003B3}.Release|Any CPU.ActiveCfg = Release|Any CPU
		{875BEDBB-ABA3-4BDF-8C7E-EE3CDEA003B3}.Release|Any CPU.Build.0 = Release|Any CPU
		{6C6FF8C5-A20C-43A8-9593-95747AE1438D}.Debug|Any CPU.ActiveCfg = Debug|Any CPU
		{6C6FF8C5-A20C-43A8-9593-95747AE1438D}.Debug|Any CPU.Build.0 = Debug|Any CPU
		{6C6FF8C5-A20C-43A8-9593-95747AE1438D}.Release|Any CPU.ActiveCfg = Release|Any CPU
		{6C6FF8C5-A20C-43A8-9593-95747AE1438D}.Release|Any CPU.Build.0 = Release|Any CPU
		{DB8ADCA3-A84D-466F-8AC3-129A3DD47A86}.Debug|Any CPU.ActiveCfg = Debug|Any CPU
		{DB8ADCA3-A84D-466F-8AC3-129A3DD47A86}.Debug|Any CPU.Build.0 = Debug|Any CPU
		{DB8ADCA3-A84D-466F-8AC3-129A3DD47A86}.Release|Any CPU.ActiveCfg = Release|Any CPU
		{DB8ADCA3-A84D-466F-8AC3-129A3DD47A86}.Release|Any CPU.Build.0 = Release|Any CPU
		{F02DC373-8E87-4759-8F82-C2A6F05D7FD6}.Debug|Any CPU.ActiveCfg = Debug|Any CPU
		{F02DC373-8E87-4759-8F82-C2A6F05D7FD6}.Debug|Any CPU.Build.0 = Debug|Any CPU
		{F02DC373-8E87-4759-8F82-C2A6F05D7FD6}.Release|Any CPU.ActiveCfg = Release|Any CPU
		{F02DC373-8E87-4759-8F82-C2A6F05D7FD6}.Release|Any CPU.Build.0 = Release|Any CPU
		{0C8EA2B0-526A-4B47-A8FD-479C8F69F217}.Debug|Any CPU.ActiveCfg = Debug|Any CPU
		{0C8EA2B0-526A-4B47-A8FD-479C8F69F217}.Debug|Any CPU.Build.0 = Debug|Any CPU
		{0C8EA2B0-526A-4B47-A8FD-479C8F69F217}.Release|Any CPU.ActiveCfg = Release|Any CPU
		{0C8EA2B0-526A-4B47-A8FD-479C8F69F217}.Release|Any CPU.Build.0 = Release|Any CPU
	EndGlobalSection
EndGlobal
